
Microsoft Visual Studio Solution File, Format Version 12.00
# Visual Studio 15
VisualStudioVersion = 15.0.28010.2026
MinimumVisualStudioVersion = 10.0.40219.1
Project("{FAE04EC0-301F-11D3-BF4B-00C04F79EFBC}") = "WebApplication1", "WebApplication1\WebApplication1.csproj", "{1F1B64E3-719A-4284-9058-84560DFDD08E}"
EndProject
Global
	GlobalSection(SolutionConfigurationPlatforms) = preSolution
		Debug|Any CPU = Debug|Any CPU
		Release|Any CPU = Release|Any CPU
	EndGlobalSection
	GlobalSection(ProjectConfigurationPlatforms) = postSolution
		{1F1B64E3-719A-4284-9058-84560DFDD08E}.Debug|Any CPU.ActiveCfg = Debug|Any CPU
		{1F1B64E3-719A-4284-9058-84560DFDD08E}.Debug|Any CPU.Build.0 = Debug|Any CPU
		{1F1B64E3-719A-4284-9058-84560DFDD08E}.Release|Any CPU.ActiveCfg = Release|Any CPU
		{1F1B64E3-719A-4284-9058-84560DFDD08E}.Release|Any CPU.Build.0 = Release|Any CPU
	EndGlobalSection
	GlobalSection(SolutionProperties) = preSolution
		HideSolutionNode = FALSE
	EndGlobalSection
	GlobalSection(ExtensibilityGlobals) = postSolution
		SolutionGuid = {05272C51-F1FD-4E1D-8C06-935AF6B62C94}
	EndGlobalSection
EndGlobal
